// !$*UTF8*$!
{
	archiveVersion = 1;
	classes = {
	};
	objectVersion = 48;
	objects = {

/* Begin PBXBuildFile section */
		B50C467F1F6D6A1800422DAE /* Button.swift in Sources */ = {isa = PBXBuildFile; fileRef = B50C467E1F6D6A1800422DAE /* Button.swift */; };
		B50C46811F6D6D9600422DAE /* UIViewExtension.swift in Sources */ = {isa = PBXBuildFile; fileRef = B50C46801F6D6D9600422DAE /* UIViewExtension.swift */; };
		B50C46831F6D6EA800422DAE /* GameOverlay.swift in Sources */ = {isa = PBXBuildFile; fileRef = B50C46821F6D6EA800422DAE /* GameOverlay.swift */; };
		B50C46851F6D6EC500422DAE /* GameOverlayProtocol.swift in Sources */ = {isa = PBXBuildFile; fileRef = B50C46841F6D6EC500422DAE /* GameOverlayProtocol.swift */; };
		B50CC5621F4091C900447271 /* Wood.png in Resources */ = {isa = PBXBuildFile; fileRef = B5E4E2FB1F40910A00D0EF4B /* Wood.png */; };
		B50CC5641F409ACA00447271 /* GameLogicDelegate.swift in Sources */ = {isa = PBXBuildFile; fileRef = B50CC5631F409ACA00447271 /* GameLogicDelegate.swift */; };
		B50CC56A1F409CAE00447271 /* BlockFactory.swift in Sources */ = {isa = PBXBuildFile; fileRef = B50CC5691F409CAE00447271 /* BlockFactory.swift */; };
		B50CC56C1F409E6300447271 /* Block A.scn in Resources */ = {isa = PBXBuildFile; fileRef = B50CC56B1F409E6300447271 /* Block A.scn */; };
		B515510A1F459C8F00EA0A4F /* Game.swift in Sources */ = {isa = PBXBuildFile; fileRef = B56ED6861F3F600C00C6FA20 /* Game.swift */; };
		B56ED67C1F3D017600C6FA20 /* AppDelegate.swift in Sources */ = {isa = PBXBuildFile; fileRef = B56ED6791F3D016B00C6FA20 /* AppDelegate.swift */; };
		B56ED67D1F3D017A00C6FA20 /* Assets.xcassets in Resources */ = {isa = PBXBuildFile; fileRef = B56ED6741F3D016B00C6FA20 /* Assets.xcassets */; };
		B56ED67E1F3D017E00C6FA20 /* LaunchScreen.storyboard in Resources */ = {isa = PBXBuildFile; fileRef = B56ED6751F3D016B00C6FA20 /* LaunchScreen.storyboard */; };
		B56ED6811F3F4EAF00C6FA20 /* Presentable.swift in Sources */ = {isa = PBXBuildFile; fileRef = B56ED6801F3F4EAF00C6FA20 /* Presentable.swift */; };
		B56ED6831F3F5A0200C6FA20 /* GameSceneViewController.swift in Sources */ = {isa = PBXBuildFile; fileRef = B56ED6821F3F5A0200C6FA20 /* GameSceneViewController.swift */; };
		B56ED6851F3F5EEB00C6FA20 /* GameProtocol.swift in Sources */ = {isa = PBXBuildFile; fileRef = B56ED6841F3F5EEB00C6FA20 /* GameProtocol.swift */; };
		B58600EF1F424B3000F2D328 /* BlockGeneratable.swift in Sources */ = {isa = PBXBuildFile; fileRef = B58600EE1F424B3000F2D328 /* BlockGeneratable.swift */; };
		B5BF1A481F6DD84C00ECBE2A /* GameDelegate.swift in Sources */ = {isa = PBXBuildFile; fileRef = B5BF1A471F6DD84C00ECBE2A /* GameDelegate.swift */; };
		B5D6F1B81F405CA60057F7E2 /* GameLogicProtocol.swift in Sources */ = {isa = PBXBuildFile; fileRef = B5D6F1B71F405CA60057F7E2 /* GameLogicProtocol.swift */; };
		B5D6F1BA1F405CAD0057F7E2 /* GameLogic.swift in Sources */ = {isa = PBXBuildFile; fileRef = B5D6F1B91F405CAD0057F7E2 /* GameLogic.swift */; };
		B5D6F1BC1F405E4C0057F7E2 /* CGRectExtension.swift in Sources */ = {isa = PBXBuildFile; fileRef = B5D6F1BB1F405E4C0057F7E2 /* CGRectExtension.swift */; };
		B5D6F1BE1F4060AA0057F7E2 /* SCNMatrix4Extension.swift in Sources */ = {isa = PBXBuildFile; fileRef = B5D6F1BD1F4060AA0057F7E2 /* SCNMatrix4Extension.swift */; };
		B5E4E2F91F40883F00D0EF4B /* Board.scn in Resources */ = {isa = PBXBuildFile; fileRef = B5E4E2F81F40883F00D0EF4B /* Board.scn */; };
		B5F965BF1F4871240055E97C /* Block B.scn in Resources */ = {isa = PBXBuildFile; fileRef = B5F965BD1F486E900055E97C /* Block B.scn */; };
		B5F965C01F4871260055E97C /* Block C.scn in Resources */ = {isa = PBXBuildFile; fileRef = B5F965BE1F486FBE0055E97C /* Block C.scn */; };
		B5F965C31F4876000055E97C /* Block E.scn in Resources */ = {isa = PBXBuildFile; fileRef = B5F965C21F4875B10055E97C /* Block E.scn */; };
		B5F965C41F4876030055E97C /* Block D.scn in Resources */ = {isa = PBXBuildFile; fileRef = B5F965C11F4874E90055E97C /* Block D.scn */; };
		C17D122949535B1562596A97 /* Pods_Square_Off_AR.framework in Frameworks */ = {isa = PBXBuildFile; fileRef = 36346C47AA4E5B394946B990 /* Pods_Square_Off_AR.framework */; };
/* End PBXBuildFile section */

/* Begin PBXFileReference section */
		045123E4924D3C3FEDAE32D0 /* Pods-Square Off AR.release.xcconfig */ = {isa = PBXFileReference; includeInIndex = 1; lastKnownFileType = text.xcconfig; name = "Pods-Square Off AR.release.xcconfig"; path = "Pods/Target Support Files/Pods-Square Off AR/Pods-Square Off AR.release.xcconfig"; sourceTree = "<group>"; };
		36346C47AA4E5B394946B990 /* Pods_Square_Off_AR.framework */ = {isa = PBXFileReference; explicitFileType = wrapper.framework; includeInIndex = 0; path = Pods_Square_Off_AR.framework; sourceTree = BUILT_PRODUCTS_DIR; };
		B50C467E1F6D6A1800422DAE /* Button.swift */ = {isa = PBXFileReference; lastKnownFileType = sourcecode.swift; path = Button.swift; sourceTree = "<group>"; };
		B50C46801F6D6D9600422DAE /* UIViewExtension.swift */ = {isa = PBXFileReference; lastKnownFileType = sourcecode.swift; path = UIViewExtension.swift; sourceTree = "<group>"; };
		B50C46821F6D6EA800422DAE /* GameOverlay.swift */ = {isa = PBXFileReference; lastKnownFileType = sourcecode.swift; path = GameOverlay.swift; sourceTree = "<group>"; };
		B50C46841F6D6EC500422DAE /* GameOverlayProtocol.swift */ = {isa = PBXFileReference; lastKnownFileType = sourcecode.swift; path = GameOverlayProtocol.swift; sourceTree = "<group>"; };
		B50CC5631F409ACA00447271 /* GameLogicDelegate.swift */ = {isa = PBXFileReference; lastKnownFileType = sourcecode.swift; path = GameLogicDelegate.swift; sourceTree = "<group>"; };
		B50CC5691F409CAE00447271 /* BlockFactory.swift */ = {isa = PBXFileReference; lastKnownFileType = sourcecode.swift; path = BlockFactory.swift; sourceTree = "<group>"; };
		B50CC56B1F409E6300447271 /* Block A.scn */ = {isa = PBXFileReference; lastKnownFileType = file.bplist; path = "Block A.scn"; sourceTree = "<group>"; };
		B56ED6741F3D016B00C6FA20 /* Assets.xcassets */ = {isa = PBXFileReference; lastKnownFileType = folder.assetcatalog; path = Assets.xcassets; sourceTree = "<group>"; };
		B56ED6761F3D016B00C6FA20 /* Base */ = {isa = PBXFileReference; lastKnownFileType = file.storyboard; name = Base; path = Base.lproj/LaunchScreen.storyboard; sourceTree = "<group>"; };
		B56ED6791F3D016B00C6FA20 /* AppDelegate.swift */ = {isa = PBXFileReference; lastKnownFileType = sourcecode.swift; path = AppDelegate.swift; sourceTree = "<group>"; };
		B56ED67B1F3D016C00C6FA20 /* Info.plist */ = {isa = PBXFileReference; lastKnownFileType = text.plist.xml; path = Info.plist; sourceTree = "<group>"; };
		B56ED6801F3F4EAF00C6FA20 /* Presentable.swift */ = {isa = PBXFileReference; lastKnownFileType = sourcecode.swift; path = Presentable.swift; sourceTree = "<group>"; };
		B56ED6821F3F5A0200C6FA20 /* GameSceneViewController.swift */ = {isa = PBXFileReference; lastKnownFileType = sourcecode.swift; path = GameSceneViewController.swift; sourceTree = "<group>"; };
		B56ED6841F3F5EEB00C6FA20 /* GameProtocol.swift */ = {isa = PBXFileReference; lastKnownFileType = sourcecode.swift; path = GameProtocol.swift; sourceTree = "<group>"; };
		B56ED6861F3F600C00C6FA20 /* Game.swift */ = {isa = PBXFileReference; lastKnownFileType = sourcecode.swift; path = Game.swift; sourceTree = "<group>"; };
		B58600EE1F424B3000F2D328 /* BlockGeneratable.swift */ = {isa = PBXFileReference; lastKnownFileType = sourcecode.swift; path = BlockGeneratable.swift; sourceTree = "<group>"; };
		B5A762171F3CF51800C90EC8 /* Square Off AR.app */ = {isa = PBXFileReference; explicitFileType = wrapper.application; includeInIndex = 0; path = "Square Off AR.app"; sourceTree = BUILT_PRODUCTS_DIR; };
		B5BF1A471F6DD84C00ECBE2A /* GameDelegate.swift */ = {isa = PBXFileReference; lastKnownFileType = sourcecode.swift; path = GameDelegate.swift; sourceTree = "<group>"; };
		B5D6F1B71F405CA60057F7E2 /* GameLogicProtocol.swift */ = {isa = PBXFileReference; lastKnownFileType = sourcecode.swift; path = GameLogicProtocol.swift; sourceTree = "<group>"; };
		B5D6F1B91F405CAD0057F7E2 /* GameLogic.swift */ = {isa = PBXFileReference; lastKnownFileType = sourcecode.swift; path = GameLogic.swift; sourceTree = "<group>"; };
		B5D6F1BB1F405E4C0057F7E2 /* CGRectExtension.swift */ = {isa = PBXFileReference; lastKnownFileType = sourcecode.swift; path = CGRectExtension.swift; sourceTree = "<group>"; };
		B5D6F1BD1F4060AA0057F7E2 /* SCNMatrix4Extension.swift */ = {isa = PBXFileReference; lastKnownFileType = sourcecode.swift; path = SCNMatrix4Extension.swift; sourceTree = "<group>"; };
		B5E4E2F81F40883F00D0EF4B /* Board.scn */ = {isa = PBXFileReference; lastKnownFileType = file.bplist; path = Board.scn; sourceTree = "<group>"; };
		B5E4E2FB1F40910A00D0EF4B /* Wood.png */ = {isa = PBXFileReference; lastKnownFileType = image.png; path = Wood.png; sourceTree = "<group>"; };
		B5F965BD1F486E900055E97C /* Block B.scn */ = {isa = PBXFileReference; lastKnownFileType = file.bplist; path = "Block B.scn"; sourceTree = "<group>"; };
		B5F965BE1F486FBE0055E97C /* Block C.scn */ = {isa = PBXFileReference; lastKnownFileType = file.bplist; path = "Block C.scn"; sourceTree = "<group>"; };
		B5F965C11F4874E90055E97C /* Block D.scn */ = {isa = PBXFileReference; lastKnownFileType = file.bplist; path = "Block D.scn"; sourceTree = "<group>"; };
		B5F965C21F4875B10055E97C /* Block E.scn */ = {isa = PBXFileReference; lastKnownFileType = file.bplist; path = "Block E.scn"; sourceTree = "<group>"; };
		BCC493ED9D65BCC94D6817DC /* Pods-Square Off AR.debug.xcconfig */ = {isa = PBXFileReference; includeInIndex = 1; lastKnownFileType = text.xcconfig; name = "Pods-Square Off AR.debug.xcconfig"; path = "Pods/Target Support Files/Pods-Square Off AR/Pods-Square Off AR.debug.xcconfig"; sourceTree = "<group>"; };
/* End PBXFileReference section */

/* Begin PBXFrameworksBuildPhase section */
		B5A762141F3CF51800C90EC8 /* Frameworks */ = {
			isa = PBXFrameworksBuildPhase;
			buildActionMask = 2147483647;
			files = (
				C17D122949535B1562596A97 /* Pods_Square_Off_AR.framework in Frameworks */,
			);
			runOnlyForDeploymentPostprocessing = 0;
		};
/* End PBXFrameworksBuildPhase section */

/* Begin PBXGroup section */
		9D4F2D1E781592AFDC436B62 /* Frameworks */ = {
			isa = PBXGroup;
			children = (
				36346C47AA4E5B394946B990 /* Pods_Square_Off_AR.framework */,
			);
			name = Frameworks;
			sourceTree = "<group>";
		};
		B56ED6721F3D016B00C6FA20 /* Square Off AR */ = {
			isa = PBXGroup;
			children = (
				B56ED6771F3D016B00C6FA20 /* Source */,
				B56ED6731F3D016B00C6FA20 /* Assets */,
				B56ED67A1F3D016C00C6FA20 /* Supporting Files */,
			);
			path = "Square Off AR";
			sourceTree = "<group>";
		};
		B56ED6731F3D016B00C6FA20 /* Assets */ = {
			isa = PBXGroup;
			children = (
				B56ED6741F3D016B00C6FA20 /* Assets.xcassets */,
				B56ED6751F3D016B00C6FA20 /* LaunchScreen.storyboard */,
				B5E4E2F81F40883F00D0EF4B /* Board.scn */,
				B5E4E2FB1F40910A00D0EF4B /* Wood.png */,
				B50CC56B1F409E6300447271 /* Block A.scn */,
				B5F965BD1F486E900055E97C /* Block B.scn */,
				B5F965BE1F486FBE0055E97C /* Block C.scn */,
				B5F965C11F4874E90055E97C /* Block D.scn */,
				B5F965C21F4875B10055E97C /* Block E.scn */,
			);
			path = Assets;
			sourceTree = "<group>";
		};
		B56ED6771F3D016B00C6FA20 /* Source */ = {
			isa = PBXGroup;
			children = (
				B56ED6781F3D016B00C6FA20 /* Core */,
				B56ED67F1F3F4BF200C6FA20 /* Game */,
			);
			path = Source;
			sourceTree = "<group>";
		};
		B56ED6781F3D016B00C6FA20 /* Core */ = {
			isa = PBXGroup;
			children = (
				B56ED6791F3D016B00C6FA20 /* AppDelegate.swift */,
				B56ED6801F3F4EAF00C6FA20 /* Presentable.swift */,
				B5D6F1BB1F405E4C0057F7E2 /* CGRectExtension.swift */,
				B5D6F1BD1F4060AA0057F7E2 /* SCNMatrix4Extension.swift */,
				B50C467E1F6D6A1800422DAE /* Button.swift */,
				B50C46801F6D6D9600422DAE /* UIViewExtension.swift */,
			);
			path = Core;
			sourceTree = "<group>";
		};
		B56ED67A1F3D016C00C6FA20 /* Supporting Files */ = {
			isa = PBXGroup;
			children = (
				B56ED67B1F3D016C00C6FA20 /* Info.plist */,
			);
			path = "Supporting Files";
			sourceTree = "<group>";
		};
		B56ED67F1F3F4BF200C6FA20 /* Game */ = {
			isa = PBXGroup;
			children = (
				B56ED6821F3F5A0200C6FA20 /* GameSceneViewController.swift */,
				B56ED6841F3F5EEB00C6FA20 /* GameProtocol.swift */,
				B5BF1A471F6DD84C00ECBE2A /* GameDelegate.swift */,
				B56ED6861F3F600C00C6FA20 /* Game.swift */,
				B5D6F1B71F405CA60057F7E2 /* GameLogicProtocol.swift */,
				B50CC5631F409ACA00447271 /* GameLogicDelegate.swift */,
				B5D6F1B91F405CAD0057F7E2 /* GameLogic.swift */,
				B58600EE1F424B3000F2D328 /* BlockGeneratable.swift */,
				B50CC5691F409CAE00447271 /* BlockFactory.swift */,
				B50C46841F6D6EC500422DAE /* GameOverlayProtocol.swift */,
				B50C46821F6D6EA800422DAE /* GameOverlay.swift */,
			);
			path = Game;
			sourceTree = "<group>";
		};
		B5A7620E1F3CF51800C90EC8 = {
			isa = PBXGroup;
			children = (
				B56ED6721F3D016B00C6FA20 /* Square Off AR */,
				B5A762181F3CF51800C90EC8 /* Products */,
				E03C6C390939BDAFCF4F3DC7 /* Pods */,
				9D4F2D1E781592AFDC436B62 /* Frameworks */,
			);
			sourceTree = "<group>";
		};
		B5A762181F3CF51800C90EC8 /* Products */ = {
			isa = PBXGroup;
			children = (
				B5A762171F3CF51800C90EC8 /* Square Off AR.app */,
			);
			name = Products;
			sourceTree = "<group>";
		};
		E03C6C390939BDAFCF4F3DC7 /* Pods */ = {
			isa = PBXGroup;
			children = (
				BCC493ED9D65BCC94D6817DC /* Pods-Square Off AR.debug.xcconfig */,
				045123E4924D3C3FEDAE32D0 /* Pods-Square Off AR.release.xcconfig */,
			);
			name = Pods;
			sourceTree = "<group>";
		};
/* End PBXGroup section */

/* Begin PBXNativeTarget section */
		B5A762161F3CF51800C90EC8 /* Square Off AR */ = {
			isa = PBXNativeTarget;
			buildConfigurationList = B5A762291F3CF51800C90EC8 /* Build configuration list for PBXNativeTarget "Square Off AR" */;
			buildPhases = (
				49CC19C98B08BC034004204C /* [CP] Check Pods Manifest.lock */,
				B5A762131F3CF51800C90EC8 /* Sources */,
				B5A762141F3CF51800C90EC8 /* Frameworks */,
				B5A762151F3CF51800C90EC8 /* Resources */,
				75940770ED54A2F4B7A96423 /* [CP] Embed Pods Frameworks */,
				ED2AA04168DE7491BD2230D3 /* [CP] Copy Pods Resources */,
			);
			buildRules = (
			);
			dependencies = (
			);
			name = "Square Off AR";
			productName = "Square Off AR";
			productReference = B5A762171F3CF51800C90EC8 /* Square Off AR.app */;
			productType = "com.apple.product-type.application";
		};
/* End PBXNativeTarget section */

/* Begin PBXProject section */
		B5A7620F1F3CF51800C90EC8 /* Project object */ = {
			isa = PBXProject;
			attributes = {
				LastSwiftUpdateCheck = 0900;
				LastUpgradeCheck = 0900;
				ORGANIZATIONNAME = UnalignedByte;
				TargetAttributes = {
					B5A762161F3CF51800C90EC8 = {
						CreatedOnToolsVersion = 9.0;
					};
				};
			};
			buildConfigurationList = B5A762121F3CF51800C90EC8 /* Build configuration list for PBXProject "Square Off AR" */;
			compatibilityVersion = "Xcode 8.0";
			developmentRegion = en;
			hasScannedForEncodings = 0;
			knownRegions = (
				Base,
			);
			mainGroup = B5A7620E1F3CF51800C90EC8;
			productRefGroup = B5A762181F3CF51800C90EC8 /* Products */;
			projectDirPath = "";
			projectRoot = "";
			targets = (
				B5A762161F3CF51800C90EC8 /* Square Off AR */,
			);
		};
/* End PBXProject section */

/* Begin PBXResourcesBuildPhase section */
		B5A762151F3CF51800C90EC8 /* Resources */ = {
			isa = PBXResourcesBuildPhase;
			buildActionMask = 2147483647;
			files = (
				B5F965C41F4876030055E97C /* Block D.scn in Resources */,
				B5F965BF1F4871240055E97C /* Block B.scn in Resources */,
				B50CC5621F4091C900447271 /* Wood.png in Resources */,
				B5F965C01F4871260055E97C /* Block C.scn in Resources */,
				B50CC56C1F409E6300447271 /* Block A.scn in Resources */,
				B5E4E2F91F40883F00D0EF4B /* Board.scn in Resources */,
				B5F965C31F4876000055E97C /* Block E.scn in Resources */,
				B56ED67D1F3D017A00C6FA20 /* Assets.xcassets in Resources */,
				B56ED67E1F3D017E00C6FA20 /* LaunchScreen.storyboard in Resources */,
			);
			runOnlyForDeploymentPostprocessing = 0;
		};
/* End PBXResourcesBuildPhase section */

/* Begin PBXShellScriptBuildPhase section */
		49CC19C98B08BC034004204C /* [CP] Check Pods Manifest.lock */ = {
			isa = PBXShellScriptBuildPhase;
			buildActionMask = 2147483647;
			files = (
			);
			inputPaths = (
			);
			name = "[CP] Check Pods Manifest.lock";
			outputPaths = (
			);
			runOnlyForDeploymentPostprocessing = 0;
			shellPath = /bin/sh;
			shellScript = "diff \"${PODS_PODFILE_DIR_PATH}/Podfile.lock\" \"${PODS_ROOT}/Manifest.lock\" > /dev/null\nif [ $? != 0 ] ; then\n    # print error to STDERR\n    echo \"error: The sandbox is not in sync with the Podfile.lock. Run 'pod install' or update your CocoaPods installation.\" >&2\n    exit 1\nfi\n";
			showEnvVarsInLog = 0;
		};
		75940770ED54A2F4B7A96423 /* [CP] Embed Pods Frameworks */ = {
			isa = PBXShellScriptBuildPhase;
			buildActionMask = 2147483647;
			files = (
			);
			inputPaths = (
			);
			name = "[CP] Embed Pods Frameworks";
			outputPaths = (
			);
			runOnlyForDeploymentPostprocessing = 0;
			shellPath = /bin/sh;
			shellScript = "\"${SRCROOT}/Pods/Target Support Files/Pods-Square Off AR/Pods-Square Off AR-frameworks.sh\"\n";
			showEnvVarsInLog = 0;
		};
		ED2AA04168DE7491BD2230D3 /* [CP] Copy Pods Resources */ = {
			isa = PBXShellScriptBuildPhase;
			buildActionMask = 2147483647;
			files = (
			);
			inputPaths = (
			);
			name = "[CP] Copy Pods Resources";
			outputPaths = (
			);
			runOnlyForDeploymentPostprocessing = 0;
			shellPath = /bin/sh;
			shellScript = "\"${SRCROOT}/Pods/Target Support Files/Pods-Square Off AR/Pods-Square Off AR-resources.sh\"\n";
			showEnvVarsInLog = 0;
		};
/* End PBXShellScriptBuildPhase section */

/* Begin PBXSourcesBuildPhase section */
		B5A762131F3CF51800C90EC8 /* Sources */ = {
			isa = PBXSourcesBuildPhase;
			buildActionMask = 2147483647;
			files = (
				B56ED67C1F3D017600C6FA20 /* AppDelegate.swift in Sources */,
				B5D6F1BE1F4060AA0057F7E2 /* SCNMatrix4Extension.swift in Sources */,
				B50C46851F6D6EC500422DAE /* GameOverlayProtocol.swift in Sources */,
				B56ED6831F3F5A0200C6FA20 /* GameSceneViewController.swift in Sources */,
				B58600EF1F424B3000F2D328 /* BlockGeneratable.swift in Sources */,
				B50C46811F6D6D9600422DAE /* UIViewExtension.swift in Sources */,
				B50C46831F6D6EA800422DAE /* GameOverlay.swift in Sources */,
				B50CC5641F409ACA00447271 /* GameLogicDelegate.swift in Sources */,
				B56ED6811F3F4EAF00C6FA20 /* Presentable.swift in Sources */,
				B50CC56A1F409CAE00447271 /* BlockFactory.swift in Sources */,
				B515510A1F459C8F00EA0A4F /* Game.swift in Sources */,
				B5BF1A481F6DD84C00ECBE2A /* GameDelegate.swift in Sources */,
				B5D6F1B81F405CA60057F7E2 /* GameLogicProtocol.swift in Sources */,
				B5D6F1BC1F405E4C0057F7E2 /* CGRectExtension.swift in Sources */,
				B56ED6851F3F5EEB00C6FA20 /* GameProtocol.swift in Sources */,
				B50C467F1F6D6A1800422DAE /* Button.swift in Sources */,
				B5D6F1BA1F405CAD0057F7E2 /* GameLogic.swift in Sources */,
			);
			runOnlyForDeploymentPostprocessing = 0;
		};
/* End PBXSourcesBuildPhase section */

/* Begin PBXVariantGroup section */
		B56ED6751F3D016B00C6FA20 /* LaunchScreen.storyboard */ = {
			isa = PBXVariantGroup;
			children = (
				B56ED6761F3D016B00C6FA20 /* Base */,
			);
			name = LaunchScreen.storyboard;
			sourceTree = "<group>";
		};
/* End PBXVariantGroup section */

/* Begin XCBuildConfiguration section */
		B5A762271F3CF51800C90EC8 /* Debug */ = {
			isa = XCBuildConfiguration;
			buildSettings = {
				ALWAYS_SEARCH_USER_PATHS = NO;
				CLANG_ANALYZER_NONNULL = YES;
				CLANG_ANALYZER_NUMBER_OBJECT_CONVERSION = YES_AGGRESSIVE;
				CLANG_CXX_LANGUAGE_STANDARD = "gnu++14";
				CLANG_CXX_LIBRARY = "libc++";
				CLANG_ENABLE_MODULES = YES;
				CLANG_ENABLE_OBJC_ARC = YES;
				CLANG_WARN_BLOCK_CAPTURE_AUTORELEASING = YES;
				CLANG_WARN_BOOL_CONVERSION = YES;
				CLANG_WARN_COMMA = YES;
				CLANG_WARN_CONSTANT_CONVERSION = YES;
				CLANG_WARN_DIRECT_OBJC_ISA_USAGE = YES_ERROR;
				CLANG_WARN_DOCUMENTATION_COMMENTS = YES;
				CLANG_WARN_EMPTY_BODY = YES;
				CLANG_WARN_ENUM_CONVERSION = YES;
				CLANG_WARN_INFINITE_RECURSION = YES;
				CLANG_WARN_INT_CONVERSION = YES;
				CLANG_WARN_NON_LITERAL_NULL_CONVERSION = YES;
				CLANG_WARN_OBJC_LITERAL_CONVERSION = YES;
				CLANG_WARN_OBJC_ROOT_CLASS = YES_ERROR;
				CLANG_WARN_RANGE_LOOP_ANALYSIS = YES;
				CLANG_WARN_STRICT_PROTOTYPES = YES;
				CLANG_WARN_SUSPICIOUS_MOVE = YES;
				CLANG_WARN_UNGUARDED_AVAILABILITY = YES_AGGRESSIVE;
				CLANG_WARN_UNREACHABLE_CODE = YES;
				CLANG_WARN__DUPLICATE_METHOD_MATCH = YES;
				CODE_SIGN_IDENTITY = "iPhone Developer";
				COPY_PHASE_STRIP = NO;
				DEBUG_INFORMATION_FORMAT = dwarf;
				ENABLE_STRICT_OBJC_MSGSEND = YES;
				ENABLE_TESTABILITY = YES;
				GCC_C_LANGUAGE_STANDARD = gnu11;
				GCC_DYNAMIC_NO_PIC = NO;
				GCC_NO_COMMON_BLOCKS = YES;
				GCC_OPTIMIZATION_LEVEL = 0;
				GCC_PREPROCESSOR_DEFINITIONS = (
					"DEBUG=1",
					"$(inherited)",
				);
				GCC_WARN_64_TO_32_BIT_CONVERSION = YES;
				GCC_WARN_ABOUT_RETURN_TYPE = YES_ERROR;
				GCC_WARN_UNDECLARED_SELECTOR = YES;
				GCC_WARN_UNINITIALIZED_AUTOS = YES_AGGRESSIVE;
				GCC_WARN_UNUSED_FUNCTION = YES;
				GCC_WARN_UNUSED_VARIABLE = YES;
				IPHONEOS_DEPLOYMENT_TARGET = 11.0;
				MTL_ENABLE_DEBUG_INFO = YES;
				ONLY_ACTIVE_ARCH = YES;
				SDKROOT = iphoneos;
				SWIFT_ACTIVE_COMPILATION_CONDITIONS = DEBUG;
				SWIFT_OPTIMIZATION_LEVEL = "-Onone";
			};
			name = Debug;
		};
		B5A762281F3CF51800C90EC8 /* Release */ = {
			isa = XCBuildConfiguration;
			buildSettings = {
				ALWAYS_SEARCH_USER_PATHS = NO;
				CLANG_ANALYZER_NONNULL = YES;
				CLANG_ANALYZER_NUMBER_OBJECT_CONVERSION = YES_AGGRESSIVE;
				CLANG_CXX_LANGUAGE_STANDARD = "gnu++14";
				CLANG_CXX_LIBRARY = "libc++";
				CLANG_ENABLE_MODULES = YES;
				CLANG_ENABLE_OBJC_ARC = YES;
				CLANG_WARN_BLOCK_CAPTURE_AUTORELEASING = YES;
				CLANG_WARN_BOOL_CONVERSION = YES;
				CLANG_WARN_COMMA = YES;
				CLANG_WARN_CONSTANT_CONVERSION = YES;
				CLANG_WARN_DIRECT_OBJC_ISA_USAGE = YES_ERROR;
				CLANG_WARN_DOCUMENTATION_COMMENTS = YES;
				CLANG_WARN_EMPTY_BODY = YES;
				CLANG_WARN_ENUM_CONVERSION = YES;
				CLANG_WARN_INFINITE_RECURSION = YES;
				CLANG_WARN_INT_CONVERSION = YES;
				CLANG_WARN_NON_LITERAL_NULL_CONVERSION = YES;
				CLANG_WARN_OBJC_LITERAL_CONVERSION = YES;
				CLANG_WARN_OBJC_ROOT_CLASS = YES_ERROR;
				CLANG_WARN_RANGE_LOOP_ANALYSIS = YES;
				CLANG_WARN_STRICT_PROTOTYPES = YES;
				CLANG_WARN_SUSPICIOUS_MOVE = YES;
				CLANG_WARN_UNGUARDED_AVAILABILITY = YES_AGGRESSIVE;
				CLANG_WARN_UNREACHABLE_CODE = YES;
				CLANG_WARN__DUPLICATE_METHOD_MATCH = YES;
				CODE_SIGN_IDENTITY = "iPhone Developer";
				COPY_PHASE_STRIP = NO;
				DEBUG_INFORMATION_FORMAT = "dwarf-with-dsym";
				ENABLE_NS_ASSERTIONS = NO;
				ENABLE_STRICT_OBJC_MSGSEND = YES;
				GCC_C_LANGUAGE_STANDARD = gnu11;
				GCC_NO_COMMON_BLOCKS = YES;
				GCC_WARN_64_TO_32_BIT_CONVERSION = YES;
				GCC_WARN_ABOUT_RETURN_TYPE = YES_ERROR;
				GCC_WARN_UNDECLARED_SELECTOR = YES;
				GCC_WARN_UNINITIALIZED_AUTOS = YES_AGGRESSIVE;
				GCC_WARN_UNUSED_FUNCTION = YES;
				GCC_WARN_UNUSED_VARIABLE = YES;
				IPHONEOS_DEPLOYMENT_TARGET = 11.0;
				MTL_ENABLE_DEBUG_INFO = NO;
				SDKROOT = iphoneos;
				SWIFT_OPTIMIZATION_LEVEL = "-Owholemodule";
				VALIDATE_PRODUCT = YES;
			};
			name = Release;
		};
		B5A7622A1F3CF51800C90EC8 /* Debug */ = {
			isa = XCBuildConfiguration;
			baseConfigurationReference = BCC493ED9D65BCC94D6817DC /* Pods-Square Off AR.debug.xcconfig */;
			buildSettings = {
				ASSETCATALOG_COMPILER_APPICON_NAME = AppIcon;
				DEVELOPMENT_TEAM = X7G47FFC9G;
				INFOPLIST_FILE = "Square Off AR/Supporting Files/Info.plist";
				LD_RUNPATH_SEARCH_PATHS = "$(inherited) @executable_path/Frameworks";
				PRODUCT_BUNDLE_IDENTIFIER = "com.unalignedbyte.Square-Off-AR";
				PRODUCT_NAME = "$(TARGET_NAME)";
				SWIFT_VERSION = 4.0;
				TARGETED_DEVICE_FAMILY = "1,2";
			};
			name = Debug;
		};
		B5A7622B1F3CF51800C90EC8 /* Release */ = {
			isa = XCBuildConfiguration;
			baseConfigurationReference = 045123E4924D3C3FEDAE32D0 /* Pods-Square Off AR.release.xcconfig */;
			buildSettings = {
				ASSETCATALOG_COMPILER_APPICON_NAME = AppIcon;
				DEVELOPMENT_TEAM = X7G47FFC9G;
				INFOPLIST_FILE = "Square Off AR/Supporting Files/Info.plist";
				LD_RUNPATH_SEARCH_PATHS = "$(inherited) @executable_path/Frameworks";
				PRODUCT_BUNDLE_IDENTIFIER = "com.unalignedbyte.Square-Off-AR";
				PRODUCT_NAME = "$(TARGET_NAME)";
				SWIFT_VERSION = 4.0;
				TARGETED_DEVICE_FAMILY = "1,2";
			};
			name = Release;
		};
/* End XCBuildConfiguration section */

/* Begin XCConfigurationList section */
		B5A762121F3CF51800C90EC8 /* Build configuration list for PBXProject "Square Off AR" */ = {
			isa = XCConfigurationList;
			buildConfigurations = (
				B5A762271F3CF51800C90EC8 /* Debug */,
				B5A762281F3CF51800C90EC8 /* Release */,
			);
			defaultConfigurationIsVisible = 0;
			defaultConfigurationName = Release;
		};
		B5A762291F3CF51800C90EC8 /* Build configuration list for PBXNativeTarget "Square Off AR" */ = {
			isa = XCConfigurationList;
			buildConfigurations = (
				B5A7622A1F3CF51800C90EC8 /* Debug */,
				B5A7622B1F3CF51800C90EC8 /* Release */,
			);
			defaultConfigurationIsVisible = 0;
			defaultConfigurationName = Release;
		};
/* End XCConfigurationList section */
	};
	rootObject = B5A7620F1F3CF51800C90EC8 /* Project object */;
}
